<?xml version="1.0" encoding="utf-8"?>
<Project ToolsVersion="4.0" xmlns="http://schemas.microsoft.com/developer/msbuild/2003">
  <ItemGroup>
    <ClCompile Include="source\main.cpp" />
    <ClCompile Include="source\Game.cpp" />
    <ClCompile Include="source\GameLayer.cpp" />
  </ItemGroup>
  <ItemGroup>
    <None Include="resources\Material2D.shader" />
    <None Include="resources\Default.shader" />
    <None Include="resources\Shape.shader" />
    <None Include="resources\batch.shader" />
  </ItemGroup>
  <ItemGroup>
    <Image Include="resources\LogoRealFinal.jpg" />
    <Image Include="resources\container.jpg" />
  </ItemGroup>
  <ItemGroup>
    <ClInclude Include="source\Game.h" />
    <ClInclude Include="source\GameLayer.h" />
  </ItemGroup>
</Project>