<?xml version="1.0" encoding="utf-8"?>
<Project ToolsVersion="4.0" xmlns="http://schemas.microsoft.com/developer/msbuild/2003">
  <ItemGroup>
    <ClCompile Include="source\Game.cpp" />
    <ClCompile Include="source\DemoMenu.cpp" />
    <ClCompile Include="source\Demo1\Demo1.cpp" />
  </ItemGroup>
  <ItemGroup>
    <None Include="resources\Default.shader" />
    <None Include="resources\Shape.shader" />
    <None Include="resources\batch.shader" />
  </ItemGroup>
  <ItemGroup>
    <ClInclude Include="source\Game.h" />
    <ClInclude Include="source\DemoMenu.h" />
    <ClInclude Include="source\Demo1\Demo1.h" />
  </ItemGroup>
</Project>